
Microsoft Visual Studio Solution File, Format Version 12.00
# Visual Studio Version 16
VisualStudioVersion = 16.0.29123.88
MinimumVisualStudioVersion = 10.0.40219.1
Project("{FAE04EC0-301F-11D3-BF4B-00C04F79EFBC}") = "proyectoBiblioteca", "proyectoBiblioteca\proyectoBiblioteca.csproj", "{89DBDF75-162B-4266-BB47-F89222E3476F}"
EndProject
Project("{FAE04EC0-301F-11D3-BF4B-00C04F79EFBC}") = "Clases", "Clases\Clases.csproj", "{71FFCFD3-B1AC-409E-931B-91CD9583A956}"
EndProject
Global
	GlobalSection(SolutionConfigurationPlatforms) = preSolution
		Debug|Any CPU = Debug|Any CPU
		Release|Any CPU = Release|Any CPU
	EndGlobalSection
	GlobalSection(ProjectConfigurationPlatforms) = postSolution
		{89DBDF75-162B-4266-BB47-F89222E3476F}.Debug|Any CPU.ActiveCfg = Debug|Any CPU
		{89DBDF75-162B-4266-BB47-F89222E3476F}.Debug|Any CPU.Build.0 = Debug|Any CPU
		{89DBDF75-162B-4266-BB47-F89222E3476F}.Release|Any CPU.ActiveCfg = Release|Any CPU
		{89DBDF75-162B-4266-BB47-F89222E3476F}.Release|Any CPU.Build.0 = Release|Any CPU
		{71FFCFD3-B1AC-409E-931B-91CD9583A956}.Debug|Any CPU.ActiveCfg = Debug|Any CPU
		{71FFCFD3-B1AC-409E-931B-91CD9583A956}.Debug|Any CPU.Build.0 = Debug|Any CPU
		{71FFCFD3-B1AC-409E-931B-91CD9583A956}.Release|Any CPU.ActiveCfg = Release|Any CPU
		{71FFCFD3-B1AC-409E-931B-91CD9583A956}.Release|Any CPU.Build.0 = Release|Any CPU
	EndGlobalSection
	GlobalSection(SolutionProperties) = preSolution
		HideSolutionNode = FALSE
	EndGlobalSection
	GlobalSection(ExtensibilityGlobals) = postSolution
		SolutionGuid = {7047FCA0-AC49-4926-A18F-0C612506F991}
	EndGlobalSection
EndGlobal
